
Microsoft Visual Studio Solution File, Format Version 12.00
# Visual Studio Version 17
VisualStudioVersion = 17.4.33205.214
MinimumVisualStudioVersion = 10.0.40219.1
Project("{FAE04EC0-301F-11D3-BF4B-00C04F79EFBC}") = "peliculas", "peliculas\peliculas.csproj", "{0E519CD0-1DA4-4012-93E5-4C357D3F93E1}"
EndProject
Global
	GlobalSection(SolutionConfigurationPlatforms) = preSolution
		Debug|Any CPU = Debug|Any CPU
		Release|Any CPU = Release|Any CPU
	EndGlobalSection
	GlobalSection(ProjectConfigurationPlatforms) = postSolution
		{0E519CD0-1DA4-4012-93E5-4C357D3F93E1}.Debug|Any CPU.ActiveCfg = Debug|Any CPU
		{0E519CD0-1DA4-4012-93E5-4C357D3F93E1}.Debug|Any CPU.Build.0 = Debug|Any CPU
		{0E519CD0-1DA4-4012-93E5-4C357D3F93E1}.Release|Any CPU.ActiveCfg = Release|Any CPU
		{0E519CD0-1DA4-4012-93E5-4C357D3F93E1}.Release|Any CPU.Build.0 = Release|Any CPU
	EndGlobalSection
	GlobalSection(SolutionProperties) = preSolution
		HideSolutionNode = FALSE
	EndGlobalSection
	GlobalSection(ExtensibilityGlobals) = postSolution
		SolutionGuid = {24254FC8-B871-4830-9DC3-4CAEC68C0764}
	EndGlobalSection
EndGlobal
